
Microsoft Visual Studio Solution File, Format Version 12.00
Project("{FAE04EC0-301F-11D3-BF4B-00C04F79EFBC}") = "azFunc", "azFunc\azFunc.csproj", "{EF4354E5-9098-4A41-A750-F414C596406A}"
EndProject
Project("{FAE04EC0-301F-11D3-BF4B-00C04F79EFBC}") = "WebApp", "WebApp\WebApp.csproj", "{80688C4B-08E8-4CAD-8AA4-5D37F50D51FD}"
EndProject
Global
	GlobalSection(SolutionConfigurationPlatforms) = preSolution
		Debug|Any CPU = Debug|Any CPU
		Release|Any CPU = Release|Any CPU
	EndGlobalSection
	GlobalSection(ProjectConfigurationPlatforms) = postSolution
		{EF4354E5-9098-4A41-A750-F414C596406A}.Debug|Any CPU.ActiveCfg = Debug|Any CPU
		{EF4354E5-9098-4A41-A750-F414C596406A}.Debug|Any CPU.Build.0 = Debug|Any CPU
		{EF4354E5-9098-4A41-A750-F414C596406A}.Release|Any CPU.ActiveCfg = Release|Any CPU
		{EF4354E5-9098-4A41-A750-F414C596406A}.Release|Any CPU.Build.0 = Release|Any CPU
		{80688C4B-08E8-4CAD-8AA4-5D37F50D51FD}.Debug|Any CPU.ActiveCfg = Debug|Any CPU
		{80688C4B-08E8-4CAD-8AA4-5D37F50D51FD}.Debug|Any CPU.Build.0 = Debug|Any CPU
		{80688C4B-08E8-4CAD-8AA4-5D37F50D51FD}.Release|Any CPU.ActiveCfg = Release|Any CPU
		{80688C4B-08E8-4CAD-8AA4-5D37F50D51FD}.Release|Any CPU.Build.0 = Release|Any CPU
	EndGlobalSection
	GlobalSection(NestedProjects) = preSolution
	EndGlobalSection
EndGlobal
